
Microsoft Visual Studio Solution File, Format Version 12.00
# Visual Studio Version 16
VisualStudioVersion = 16.0.31321.278
MinimumVisualStudioVersion = 10.0.40219.1
Project("{FAE04EC0-301F-11D3-BF4B-00C04F79EFBC}") = "Negocio", "Negocio\Negocio.csproj", "{66524FDE-FA18-46C4-97B5-F8FDEEA646CF}"
EndProject
Global
	GlobalSection(SolutionConfigurationPlatforms) = preSolution
		Debug|Any CPU = Debug|Any CPU
		Release|Any CPU = Release|Any CPU
	EndGlobalSection
	GlobalSection(ProjectConfigurationPlatforms) = postSolution
		{66524FDE-FA18-46C4-97B5-F8FDEEA646CF}.Debug|Any CPU.ActiveCfg = Debug|Any CPU
		{66524FDE-FA18-46C4-97B5-F8FDEEA646CF}.Debug|Any CPU.Build.0 = Debug|Any CPU
		{66524FDE-FA18-46C4-97B5-F8FDEEA646CF}.Release|Any CPU.ActiveCfg = Release|Any CPU
		{66524FDE-FA18-46C4-97B5-F8FDEEA646CF}.Release|Any CPU.Build.0 = Release|Any CPU
	EndGlobalSection
	GlobalSection(SolutionProperties) = preSolution
		HideSolutionNode = FALSE
	EndGlobalSection
	GlobalSection(ExtensibilityGlobals) = postSolution
		SolutionGuid = {C71E3E43-0017-4C3D-9322-30D99FC88136}
	EndGlobalSection
EndGlobal
